
Microsoft Visual Studio Solution File, Format Version 11.00
# Visual Studio 2010
# SharpDevelop 4.2.1.8805
Project("{FD48973F-F585-4F70-812B-4D0503B36CE9}") = "prog122b", "prog122b.pyproj", "{CCC0035A-CB60-40AE-A81C-A229220EE07D}"
EndProject
Global
	GlobalSection(SolutionConfigurationPlatforms) = preSolution
		Debug|x86 = Debug|x86
		Release|x86 = Release|x86
	EndGlobalSection
	GlobalSection(ProjectConfigurationPlatforms) = postSolution
		{CCC0035A-CB60-40AE-A81C-A229220EE07D}.Debug|x86.Build.0 = Debug|x86
		{CCC0035A-CB60-40AE-A81C-A229220EE07D}.Debug|x86.ActiveCfg = Debug|x86
		{CCC0035A-CB60-40AE-A81C-A229220EE07D}.Release|x86.Build.0 = Release|x86
		{CCC0035A-CB60-40AE-A81C-A229220EE07D}.Release|x86.ActiveCfg = Release|x86
	EndGlobalSection
EndGlobal
