
Microsoft Visual Studio Solution File, Format Version 11.00
# Visual Studio 2010
# SharpDevelop 4.2.1.8805
Project("{FD48973F-F585-4F70-812B-4D0503B36CE9}") = "prog162b", "prog162b.pyproj", "{41615D76-E9AA-4E86-924B-64705559FC91}"
EndProject
Global
	GlobalSection(SolutionConfigurationPlatforms) = preSolution
		Debug|x86 = Debug|x86
		Release|x86 = Release|x86
	EndGlobalSection
	GlobalSection(ProjectConfigurationPlatforms) = postSolution
		{41615D76-E9AA-4E86-924B-64705559FC91}.Debug|x86.Build.0 = Debug|x86
		{41615D76-E9AA-4E86-924B-64705559FC91}.Debug|x86.ActiveCfg = Debug|x86
		{41615D76-E9AA-4E86-924B-64705559FC91}.Release|x86.Build.0 = Release|x86
		{41615D76-E9AA-4E86-924B-64705559FC91}.Release|x86.ActiveCfg = Release|x86
	EndGlobalSection
EndGlobal
