
Microsoft Visual Studio Solution File, Format Version 11.00
# Visual Studio 2010
# SharpDevelop 4.2.1.8805
Project("{FD48973F-F585-4F70-812B-4D0503B36CE9}") = "prog186real", "prog186real.pyproj", "{3D08653C-292B-43A0-A988-3B062B2FF240}"
EndProject
Global
	GlobalSection(SolutionConfigurationPlatforms) = preSolution
		Debug|x86 = Debug|x86
		Release|x86 = Release|x86
	EndGlobalSection
	GlobalSection(ProjectConfigurationPlatforms) = postSolution
		{3D08653C-292B-43A0-A988-3B062B2FF240}.Debug|x86.Build.0 = Debug|x86
		{3D08653C-292B-43A0-A988-3B062B2FF240}.Debug|x86.ActiveCfg = Debug|x86
		{3D08653C-292B-43A0-A988-3B062B2FF240}.Release|x86.Build.0 = Release|x86
		{3D08653C-292B-43A0-A988-3B062B2FF240}.Release|x86.ActiveCfg = Release|x86
	EndGlobalSection
EndGlobal
